<?xml version="1.0" encoding="utf-8"?>
<Project ToolsVersion="4.0" xmlns="http://schemas.microsoft.com/developer/msbuild/2003">
  <ItemGroup>
    <ClCompile Include="Source.cpp" />
  </ItemGroup>
  <ItemGroup>
    <ClInclude Include="Model\GameManager.h" />
    <ClInclude Include="Model\GameObject.h" />
    <ClInclude Include="Model\GameObjectRender.h" />
    <ClInclude Include="Model\Player.h" />
    <ClInclude Include="Model\Stone.h" />
    <ClInclude Include="Define\Define.h" />
    <ClInclude Include="Model\ResourceManager.h" />
    <ClInclude Include="Model\Enemy.h" />
    <ClInclude Include="Model\Rock.h" />
    <ClInclude Include="Model\UnableMovingRock.h" />
    <ClInclude Include="Model\AbleMovingRock.h" />
    <ClInclude Include="State\State.h" />
    <ClInclude Include="State\LoadingState.h" />
    <ClInclude Include="State\MainMenuState.h" />
    <ClInclude Include="State\GamePlayState.h" />
    <ClInclude Include="State\GameOverState.h" />
    <ClInclude Include="State\StateManager.h" />
    <ClInclude Include="resource.h" />
    <ClInclude Include="Model\GameState\State.h" />
    <ClInclude Include="Model\GameState\StateMachine.h" />
    <ClInclude Include="Model\GameState\LoadingState.h" />
    <ClInclude Include="Model\GameMap.h" />
    <ClInclude Include="Model\Background.h" />
    <ClInclude Include="Model\TimeBar.h" />
    <ClInclude Include="Model\Gate.h" />
    <ClInclude Include="Model\Key.h" />
    <ClInclude Include="Model\GameState\GamePlayState.h" />
  </ItemGroup>
  <ItemGroup>
    <ResourceCompile Include="AngryBear.rc" />
  </ItemGroup>
</Project>